// !$*UTF8*$!
{
	archiveVersion = 1;
	classes = {
	};
	objectVersion = 50;
	objects = {

/* Begin PBXBuildFile section */
		FA3D11232697636B0011441C /* AppDelegate.swift in Sources */ = {isa = PBXBuildFile; fileRef = FA3D11222697636B0011441C /* AppDelegate.swift */; };
		FA3D11252697636B0011441C /* SceneDelegate.swift in Sources */ = {isa = PBXBuildFile; fileRef = FA3D11242697636B0011441C /* SceneDelegate.swift */; };
		FA3D11272697636B0011441C /* ViewController.swift in Sources */ = {isa = PBXBuildFile; fileRef = FA3D11262697636B0011441C /* ViewController.swift */; };
		FA3D112A2697636B0011441C /* Main.storyboard in Resources */ = {isa = PBXBuildFile; fileRef = FA3D11282697636B0011441C /* Main.storyboard */; };
		FA3D112C2697636E0011441C /* Assets.xcassets in Resources */ = {isa = PBXBuildFile; fileRef = FA3D112B2697636E0011441C /* Assets.xcassets */; };
		FA3D112F2697636E0011441C /* LaunchScreen.storyboard in Resources */ = {isa = PBXBuildFile; fileRef = FA3D112D2697636E0011441C /* LaunchScreen.storyboard */; };
		FA3D113A2697636E0011441C /* coronavirus_dashboardTests.swift in Sources */ = {isa = PBXBuildFile; fileRef = FA3D11392697636E0011441C /* coronavirus_dashboardTests.swift */; };
		FA3D11452697636E0011441C /* coronavirus_dashboardUITests.swift in Sources */ = {isa = PBXBuildFile; fileRef = FA3D11442697636E0011441C /* coronavirus_dashboardUITests.swift */; };
/* End PBXBuildFile section */

/* Begin PBXContainerItemProxy section */
		FA3D11362697636E0011441C /* PBXContainerItemProxy */ = {
			isa = PBXContainerItemProxy;
			containerPortal = FA3D11172697636B0011441C /* Project object */;
			proxyType = 1;
			remoteGlobalIDString = FA3D111E2697636B0011441C;
			remoteInfo = "coronavirus-dashboard";
		};
		FA3D11412697636E0011441C /* PBXContainerItemProxy */ = {
			isa = PBXContainerItemProxy;
			containerPortal = FA3D11172697636B0011441C /* Project object */;
			proxyType = 1;
			remoteGlobalIDString = FA3D111E2697636B0011441C;
			remoteInfo = "coronavirus-dashboard";
		};
/* End PBXContainerItemProxy section */

/* Begin PBXFileReference section */
		FA3D111F2697636B0011441C /* coronavirus-dashboard.app */ = {isa = PBXFileReference; explicitFileType = wrapper.application; includeInIndex = 0; path = "coronavirus-dashboard.app"; sourceTree = BUILT_PRODUCTS_DIR; };
		FA3D11222697636B0011441C /* AppDelegate.swift */ = {isa = PBXFileReference; lastKnownFileType = sourcecode.swift; path = AppDelegate.swift; sourceTree = "<group>"; };
		FA3D11242697636B0011441C /* SceneDelegate.swift */ = {isa = PBXFileReference; lastKnownFileType = sourcecode.swift; path = SceneDelegate.swift; sourceTree = "<group>"; };
		FA3D11262697636B0011441C /* ViewController.swift */ = {isa = PBXFileReference; lastKnownFileType = sourcecode.swift; path = ViewController.swift; sourceTree = "<group>"; };
		FA3D11292697636B0011441C /* Base */ = {isa = PBXFileReference; lastKnownFileType = file.storyboard; name = Base; path = Base.lproj/Main.storyboard; sourceTree = "<group>"; };
		FA3D112B2697636E0011441C /* Assets.xcassets */ = {isa = PBXFileReference; lastKnownFileType = folder.assetcatalog; path = Assets.xcassets; sourceTree = "<group>"; };
		FA3D112E2697636E0011441C /* Base */ = {isa = PBXFileReference; lastKnownFileType = file.storyboard; name = Base; path = Base.lproj/LaunchScreen.storyboard; sourceTree = "<group>"; };
		FA3D11302697636E0011441C /* Info.plist */ = {isa = PBXFileReference; lastKnownFileType = text.plist.xml; path = Info.plist; sourceTree = "<group>"; };
		FA3D11352697636E0011441C /* coronavirus-dashboardTests.xctest */ = {isa = PBXFileReference; explicitFileType = wrapper.cfbundle; includeInIndex = 0; path = "coronavirus-dashboardTests.xctest"; sourceTree = BUILT_PRODUCTS_DIR; };
		FA3D11392697636E0011441C /* coronavirus_dashboardTests.swift */ = {isa = PBXFileReference; lastKnownFileType = sourcecode.swift; path = coronavirus_dashboardTests.swift; sourceTree = "<group>"; };
		FA3D113B2697636E0011441C /* Info.plist */ = {isa = PBXFileReference; lastKnownFileType = text.plist.xml; path = Info.plist; sourceTree = "<group>"; };
		FA3D11402697636E0011441C /* coronavirus-dashboardUITests.xctest */ = {isa = PBXFileReference; explicitFileType = wrapper.cfbundle; includeInIndex = 0; path = "coronavirus-dashboardUITests.xctest"; sourceTree = BUILT_PRODUCTS_DIR; };
		FA3D11442697636E0011441C /* coronavirus_dashboardUITests.swift */ = {isa = PBXFileReference; lastKnownFileType = sourcecode.swift; path = coronavirus_dashboardUITests.swift; sourceTree = "<group>"; };
		FA3D11462697636E0011441C /* Info.plist */ = {isa = PBXFileReference; lastKnownFileType = text.plist.xml; path = Info.plist; sourceTree = "<group>"; };
/* End PBXFileReference section */

/* Begin PBXFrameworksBuildPhase section */
		FA3D111C2697636B0011441C /* Frameworks */ = {
			isa = PBXFrameworksBuildPhase;
			buildActionMask = 2147483647;
			files = (
			);
			runOnlyForDeploymentPostprocessing = 0;
		};
		FA3D11322697636E0011441C /* Frameworks */ = {
			isa = PBXFrameworksBuildPhase;
			buildActionMask = 2147483647;
			files = (
			);
			runOnlyForDeploymentPostprocessing = 0;
		};
		FA3D113D2697636E0011441C /* Frameworks */ = {
			isa = PBXFrameworksBuildPhase;
			buildActionMask = 2147483647;
			files = (
			);
			runOnlyForDeploymentPostprocessing = 0;
		};
/* End PBXFrameworksBuildPhase section */

/* Begin PBXGroup section */
		FA3D11162697636B0011441C = {
			isa = PBXGroup;
			children = (
				FA3D11212697636B0011441C /* coronavirus-dashboard */,
				FA3D11382697636E0011441C /* coronavirus-dashboardTests */,
				FA3D11432697636E0011441C /* coronavirus-dashboardUITests */,
				FA3D11202697636B0011441C /* Products */,
			);
			sourceTree = "<group>";
		};
		FA3D11202697636B0011441C /* Products */ = {
			isa = PBXGroup;
			children = (
				FA3D111F2697636B0011441C /* coronavirus-dashboard.app */,
				FA3D11352697636E0011441C /* coronavirus-dashboardTests.xctest */,
				FA3D11402697636E0011441C /* coronavirus-dashboardUITests.xctest */,
			);
			name = Products;
			sourceTree = "<group>";
		};
		FA3D11212697636B0011441C /* coronavirus-dashboard */ = {
			isa = PBXGroup;
			children = (
				FA3D11222697636B0011441C /* AppDelegate.swift */,
				FA3D11242697636B0011441C /* SceneDelegate.swift */,
				FA3D11262697636B0011441C /* ViewController.swift */,
				FA3D11282697636B0011441C /* Main.storyboard */,
				FA3D112B2697636E0011441C /* Assets.xcassets */,
				FA3D112D2697636E0011441C /* LaunchScreen.storyboard */,
				FA3D11302697636E0011441C /* Info.plist */,
			);
			path = "coronavirus-dashboard";
			sourceTree = "<group>";
		};
		FA3D11382697636E0011441C /* coronavirus-dashboardTests */ = {
			isa = PBXGroup;
			children = (
				FA3D11392697636E0011441C /* coronavirus_dashboardTests.swift */,
				FA3D113B2697636E0011441C /* Info.plist */,
			);
			path = "coronavirus-dashboardTests";
			sourceTree = "<group>";
		};
		FA3D11432697636E0011441C /* coronavirus-dashboardUITests */ = {
			isa = PBXGroup;
			children = (
				FA3D11442697636E0011441C /* coronavirus_dashboardUITests.swift */,
				FA3D11462697636E0011441C /* Info.plist */,
			);
			path = "coronavirus-dashboardUITests";
			sourceTree = "<group>";
		};
/* End PBXGroup section */

/* Begin PBXNativeTarget section */
		FA3D111E2697636B0011441C /* coronavirus-dashboard */ = {
			isa = PBXNativeTarget;
			buildConfigurationList = FA3D11492697636E0011441C /* Build configuration list for PBXNativeTarget "coronavirus-dashboard" */;
			buildPhases = (
				FA3D111B2697636B0011441C /* Sources */,
				FA3D111C2697636B0011441C /* Frameworks */,
				FA3D111D2697636B0011441C /* Resources */,
			);
			buildRules = (
			);
			dependencies = (
			);
			name = "coronavirus-dashboard";
			productName = "coronavirus-dashboard";
			productReference = FA3D111F2697636B0011441C /* coronavirus-dashboard.app */;
			productType = "com.apple.product-type.application";
		};
		FA3D11342697636E0011441C /* coronavirus-dashboardTests */ = {
			isa = PBXNativeTarget;
			buildConfigurationList = FA3D114C2697636E0011441C /* Build configuration list for PBXNativeTarget "coronavirus-dashboardTests" */;
			buildPhases = (
				FA3D11312697636E0011441C /* Sources */,
				FA3D11322697636E0011441C /* Frameworks */,
				FA3D11332697636E0011441C /* Resources */,
			);
			buildRules = (
			);
			dependencies = (
				FA3D11372697636E0011441C /* PBXTargetDependency */,
			);
			name = "coronavirus-dashboardTests";
			productName = "coronavirus-dashboardTests";
			productReference = FA3D11352697636E0011441C /* coronavirus-dashboardTests.xctest */;
			productType = "com.apple.product-type.bundle.unit-test";
		};
		FA3D113F2697636E0011441C /* coronavirus-dashboardUITests */ = {
			isa = PBXNativeTarget;
			buildConfigurationList = FA3D114F2697636E0011441C /* Build configuration list for PBXNativeTarget "coronavirus-dashboardUITests" */;
			buildPhases = (
				FA3D113C2697636E0011441C /* Sources */,
				FA3D113D2697636E0011441C /* Frameworks */,
				FA3D113E2697636E0011441C /* Resources */,
			);
			buildRules = (
			);
			dependencies = (
				FA3D11422697636E0011441C /* PBXTargetDependency */,
			);
			name = "coronavirus-dashboardUITests";
			productName = "coronavirus-dashboardUITests";
			productReference = FA3D11402697636E0011441C /* coronavirus-dashboardUITests.xctest */;
			productType = "com.apple.product-type.bundle.ui-testing";
		};
/* End PBXNativeTarget section */

/* Begin PBXProject section */
		FA3D11172697636B0011441C /* Project object */ = {
			isa = PBXProject;
			attributes = {
				LastSwiftUpdateCheck = 1250;
				LastUpgradeCheck = 1250;
				TargetAttributes = {
					FA3D111E2697636B0011441C = {
						CreatedOnToolsVersion = 12.5.1;
					};
					FA3D11342697636E0011441C = {
						CreatedOnToolsVersion = 12.5.1;
						TestTargetID = FA3D111E2697636B0011441C;
					};
					FA3D113F2697636E0011441C = {
						CreatedOnToolsVersion = 12.5.1;
						TestTargetID = FA3D111E2697636B0011441C;
					};
				};
			};
			buildConfigurationList = FA3D111A2697636B0011441C /* Build configuration list for PBXProject "coronavirus-dashboard" */;
			compatibilityVersion = "Xcode 9.3";
			developmentRegion = en;
			hasScannedForEncodings = 0;
			knownRegions = (
				en,
				Base,
			);
			mainGroup = FA3D11162697636B0011441C;
			productRefGroup = FA3D11202697636B0011441C /* Products */;
			projectDirPath = "";
			projectRoot = "";
			targets = (
				FA3D111E2697636B0011441C /* coronavirus-dashboard */,
				FA3D11342697636E0011441C /* coronavirus-dashboardTests */,
				FA3D113F2697636E0011441C /* coronavirus-dashboardUITests */,
			);
		};
/* End PBXProject section */

/* Begin PBXResourcesBuildPhase section */
		FA3D111D2697636B0011441C /* Resources */ = {
			isa = PBXResourcesBuildPhase;
			buildActionMask = 2147483647;
			files = (
				FA3D112F2697636E0011441C /* LaunchScreen.storyboard in Resources */,
				FA3D112C2697636E0011441C /* Assets.xcassets in Resources */,
				FA3D112A2697636B0011441C /* Main.storyboard in Resources */,
			);
			runOnlyForDeploymentPostprocessing = 0;
		};
		FA3D11332697636E0011441C /* Resources */ = {
			isa = PBXResourcesBuildPhase;
			buildActionMask = 2147483647;
			files = (
			);
			runOnlyForDeploymentPostprocessing = 0;
		};
		FA3D113E2697636E0011441C /* Resources */ = {
			isa = PBXResourcesBuildPhase;
			buildActionMask = 2147483647;
			files = (
			);
			runOnlyForDeploymentPostprocessing = 0;
		};
/* End PBXResourcesBuildPhase section */

/* Begin PBXSourcesBuildPhase section */
		FA3D111B2697636B0011441C /* Sources */ = {
			isa = PBXSourcesBuildPhase;
			buildActionMask = 2147483647;
			files = (
				FA3D11272697636B0011441C /* ViewController.swift in Sources */,
				FA3D11232697636B0011441C /* AppDelegate.swift in Sources */,
				FA3D11252697636B0011441C /* SceneDelegate.swift in Sources */,
			);
			runOnlyForDeploymentPostprocessing = 0;
		};
		FA3D11312697636E0011441C /* Sources */ = {
			isa = PBXSourcesBuildPhase;
			buildActionMask = 2147483647;
			files = (
				FA3D113A2697636E0011441C /* coronavirus_dashboardTests.swift in Sources */,
			);
			runOnlyForDeploymentPostprocessing = 0;
		};
		FA3D113C2697636E0011441C /* Sources */ = {
			isa = PBXSourcesBuildPhase;
			buildActionMask = 2147483647;
			files = (
				FA3D11452697636E0011441C /* coronavirus_dashboardUITests.swift in Sources */,
			);
			runOnlyForDeploymentPostprocessing = 0;
		};
/* End PBXSourcesBuildPhase section */

/* Begin PBXTargetDependency section */
		FA3D11372697636E0011441C /* PBXTargetDependency */ = {
			isa = PBXTargetDependency;
			target = FA3D111E2697636B0011441C /* coronavirus-dashboard */;
			targetProxy = FA3D11362697636E0011441C /* PBXContainerItemProxy */;
		};
		FA3D11422697636E0011441C /* PBXTargetDependency */ = {
			isa = PBXTargetDependency;
			target = FA3D111E2697636B0011441C /* coronavirus-dashboard */;
			targetProxy = FA3D11412697636E0011441C /* PBXContainerItemProxy */;
		};
/* End PBXTargetDependency section */

/* Begin PBXVariantGroup section */
		FA3D11282697636B0011441C /* Main.storyboard */ = {
			isa = PBXVariantGroup;
			children = (
				FA3D11292697636B0011441C /* Base */,
			);
			name = Main.storyboard;
			sourceTree = "<group>";
		};
		FA3D112D2697636E0011441C /* LaunchScreen.storyboard */ = {
			isa = PBXVariantGroup;
			children = (
				FA3D112E2697636E0011441C /* Base */,
			);
			name = LaunchScreen.storyboard;
			sourceTree = "<group>";
		};
/* End PBXVariantGroup section */

/* Begin XCBuildConfiguration section */
		FA3D11472697636E0011441C /* Debug */ = {
			isa = XCBuildConfiguration;
			buildSettings = {
				ALWAYS_SEARCH_USER_PATHS = NO;
				CLANG_ANALYZER_NONNULL = YES;
				CLANG_ANALYZER_NUMBER_OBJECT_CONVERSION = YES_AGGRESSIVE;
				CLANG_CXX_LANGUAGE_STANDARD = "gnu++14";
				CLANG_CXX_LIBRARY = "libc++";
				CLANG_ENABLE_MODULES = YES;
				CLANG_ENABLE_OBJC_ARC = YES;
				CLANG_ENABLE_OBJC_WEAK = YES;
				CLANG_WARN_BLOCK_CAPTURE_AUTORELEASING = YES;
				CLANG_WARN_BOOL_CONVERSION = YES;
				CLANG_WARN_COMMA = YES;
				CLANG_WARN_CONSTANT_CONVERSION = YES;
				CLANG_WARN_DEPRECATED_OBJC_IMPLEMENTATIONS = YES;
				CLANG_WARN_DIRECT_OBJC_ISA_USAGE = YES_ERROR;
				CLANG_WARN_DOCUMENTATION_COMMENTS = YES;
				CLANG_WARN_EMPTY_BODY = YES;
				CLANG_WARN_ENUM_CONVERSION = YES;
				CLANG_WARN_INFINITE_RECURSION = YES;
				CLANG_WARN_INT_CONVERSION = YES;
				CLANG_WARN_NON_LITERAL_NULL_CONVERSION = YES;
				CLANG_WARN_OBJC_IMPLICIT_RETAIN_SELF = YES;
				CLANG_WARN_OBJC_LITERAL_CONVERSION = YES;
				CLANG_WARN_OBJC_ROOT_CLASS = YES_ERROR;
				CLANG_WARN_QUOTED_INCLUDE_IN_FRAMEWORK_HEADER = YES;
				CLANG_WARN_RANGE_LOOP_ANALYSIS = YES;
				CLANG_WARN_STRICT_PROTOTYPES = YES;
				CLANG_WARN_SUSPICIOUS_MOVE = YES;
				CLANG_WARN_UNGUARDED_AVAILABILITY = YES_AGGRESSIVE;
				CLANG_WARN_UNREACHABLE_CODE = YES;
				CLANG_WARN__DUPLICATE_METHOD_MATCH = YES;
				COPY_PHASE_STRIP = NO;
				DEBUG_INFORMATION_FORMAT = dwarf;
				ENABLE_STRICT_OBJC_MSGSEND = YES;
				ENABLE_TESTABILITY = YES;
				GCC_C_LANGUAGE_STANDARD = gnu11;
				GCC_DYNAMIC_NO_PIC = NO;
				GCC_NO_COMMON_BLOCKS = YES;
				GCC_OPTIMIZATION_LEVEL = 0;
				GCC_PREPROCESSOR_DEFINITIONS = (
					"DEBUG=1",
					"$(inherited)",
				);
				GCC_WARN_64_TO_32_BIT_CONVERSION = YES;
				GCC_WARN_ABOUT_RETURN_TYPE = YES_ERROR;
				GCC_WARN_UNDECLARED_SELECTOR = YES;
				GCC_WARN_UNINITIALIZED_AUTOS = YES_AGGRESSIVE;
				GCC_WARN_UNUSED_FUNCTION = YES;
				GCC_WARN_UNUSED_VARIABLE = YES;
				IPHONEOS_DEPLOYMENT_TARGET = 14.5;
				MTL_ENABLE_DEBUG_INFO = INCLUDE_SOURCE;
				MTL_FAST_MATH = YES;
				ONLY_ACTIVE_ARCH = YES;
				SDKROOT = iphoneos;
				SWIFT_ACTIVE_COMPILATION_CONDITIONS = DEBUG;
				SWIFT_OPTIMIZATION_LEVEL = "-Onone";
			};
			name = Debug;
		};
		FA3D11482697636E0011441C /* Release */ = {
			isa = XCBuildConfiguration;
			buildSettings = {
				ALWAYS_SEARCH_USER_PATHS = NO;
				CLANG_ANALYZER_NONNULL = YES;
				CLANG_ANALYZER_NUMBER_OBJECT_CONVERSION = YES_AGGRESSIVE;
				CLANG_CXX_LANGUAGE_STANDARD = "gnu++14";
				CLANG_CXX_LIBRARY = "libc++";
				CLANG_ENABLE_MODULES = YES;
				CLANG_ENABLE_OBJC_ARC = YES;
				CLANG_ENABLE_OBJC_WEAK = YES;
				CLANG_WARN_BLOCK_CAPTURE_AUTORELEASING = YES;
				CLANG_WARN_BOOL_CONVERSION = YES;
				CLANG_WARN_COMMA = YES;
				CLANG_WARN_CONSTANT_CONVERSION = YES;
				CLANG_WARN_DEPRECATED_OBJC_IMPLEMENTATIONS = YES;
				CLANG_WARN_DIRECT_OBJC_ISA_USAGE = YES_ERROR;
				CLANG_WARN_DOCUMENTATION_COMMENTS = YES;
				CLANG_WARN_EMPTY_BODY = YES;
				CLANG_WARN_ENUM_CONVERSION = YES;
				CLANG_WARN_INFINITE_RECURSION = YES;
				CLANG_WARN_INT_CONVERSION = YES;
				CLANG_WARN_NON_LITERAL_NULL_CONVERSION = YES;
				CLANG_WARN_OBJC_IMPLICIT_RETAIN_SELF = YES;
				CLANG_WARN_OBJC_LITERAL_CONVERSION = YES;
				CLANG_WARN_OBJC_ROOT_CLASS = YES_ERROR;
				CLANG_WARN_QUOTED_INCLUDE_IN_FRAMEWORK_HEADER = YES;
				CLANG_WARN_RANGE_LOOP_ANALYSIS = YES;
				CLANG_WARN_STRICT_PROTOTYPES = YES;
				CLANG_WARN_SUSPICIOUS_MOVE = YES;
				CLANG_WARN_UNGUARDED_AVAILABILITY = YES_AGGRESSIVE;
				CLANG_WARN_UNREACHABLE_CODE = YES;
				CLANG_WARN__DUPLICATE_METHOD_MATCH = YES;
				COPY_PHASE_STRIP = NO;
				DEBUG_INFORMATION_FORMAT = "dwarf-with-dsym";
				ENABLE_NS_ASSERTIONS = NO;
				ENABLE_STRICT_OBJC_MSGSEND = YES;
				GCC_C_LANGUAGE_STANDARD = gnu11;
				GCC_NO_COMMON_BLOCKS = YES;
				GCC_WARN_64_TO_32_BIT_CONVERSION = YES;
				GCC_WARN_ABOUT_RETURN_TYPE = YES_ERROR;
				GCC_WARN_UNDECLARED_SELECTOR = YES;
				GCC_WARN_UNINITIALIZED_AUTOS = YES_AGGRESSIVE;
				GCC_WARN_UNUSED_FUNCTION = YES;
				GCC_WARN_UNUSED_VARIABLE = YES;
				IPHONEOS_DEPLOYMENT_TARGET = 14.5;
				MTL_ENABLE_DEBUG_INFO = NO;
				MTL_FAST_MATH = YES;
				SDKROOT = iphoneos;
				SWIFT_COMPILATION_MODE = wholemodule;
				SWIFT_OPTIMIZATION_LEVEL = "-O";
				VALIDATE_PRODUCT = YES;
			};
			name = Release;
		};
		FA3D114A2697636E0011441C /* Debug */ = {
			isa = XCBuildConfiguration;
			buildSettings = {
				ASSETCATALOG_COMPILER_APPICON_NAME = AppIcon;
				ASSETCATALOG_COMPILER_GLOBAL_ACCENT_COLOR_NAME = AccentColor;
				CODE_SIGN_STYLE = Automatic;
				DEVELOPMENT_TEAM = WEC5NAFZG9;
				INFOPLIST_FILE = "coronavirus-dashboard/Info.plist";
				LD_RUNPATH_SEARCH_PATHS = (
					"$(inherited)",
					"@executable_path/Frameworks",
				);
				PRODUCT_BUNDLE_IDENTIFIER = "db1.coronavirus-dashboard";
				PRODUCT_NAME = "$(TARGET_NAME)";
				SWIFT_VERSION = 5.0;
				TARGETED_DEVICE_FAMILY = "1,2";
			};
			name = Debug;
		};
		FA3D114B2697636E0011441C /* Release */ = {
			isa = XCBuildConfiguration;
			buildSettings = {
				ASSETCATALOG_COMPILER_APPICON_NAME = AppIcon;
				ASSETCATALOG_COMPILER_GLOBAL_ACCENT_COLOR_NAME = AccentColor;
				CODE_SIGN_STYLE = Automatic;
				DEVELOPMENT_TEAM = WEC5NAFZG9;
				INFOPLIST_FILE = "coronavirus-dashboard/Info.plist";
				LD_RUNPATH_SEARCH_PATHS = (
					"$(inherited)",
					"@executable_path/Frameworks",
				);
				PRODUCT_BUNDLE_IDENTIFIER = "db1.coronavirus-dashboard";
				PRODUCT_NAME = "$(TARGET_NAME)";
				SWIFT_VERSION = 5.0;
				TARGETED_DEVICE_FAMILY = "1,2";
			};
			name = Release;
		};
		FA3D114D2697636E0011441C /* Debug */ = {
			isa = XCBuildConfiguration;
			buildSettings = {
				ALWAYS_EMBED_SWIFT_STANDARD_LIBRARIES = YES;
				BUNDLE_LOADER = "$(TEST_HOST)";
				CODE_SIGN_STYLE = Automatic;
				DEVELOPMENT_TEAM = WEC5NAFZG9;
				INFOPLIST_FILE = "coronavirus-dashboardTests/Info.plist";
				IPHONEOS_DEPLOYMENT_TARGET = 14.5;
				LD_RUNPATH_SEARCH_PATHS = (
					"$(inherited)",
					"@executable_path/Frameworks",
					"@loader_path/Frameworks",
				);
				PRODUCT_BUNDLE_IDENTIFIER = "db1.coronavirus-dashboardTests";
				PRODUCT_NAME = "$(TARGET_NAME)";
				SWIFT_VERSION = 5.0;
				TARGETED_DEVICE_FAMILY = "1,2";
				TEST_HOST = "$(BUILT_PRODUCTS_DIR)/coronavirus-dashboard.app/coronavirus-dashboard";
			};
			name = Debug;
		};
		FA3D114E2697636E0011441C /* Release */ = {
			isa = XCBuildConfiguration;
			buildSettings = {
				ALWAYS_EMBED_SWIFT_STANDARD_LIBRARIES = YES;
				BUNDLE_LOADER = "$(TEST_HOST)";
				CODE_SIGN_STYLE = Automatic;
				DEVELOPMENT_TEAM = WEC5NAFZG9;
				INFOPLIST_FILE = "coronavirus-dashboardTests/Info.plist";
				IPHONEOS_DEPLOYMENT_TARGET = 14.5;
				LD_RUNPATH_SEARCH_PATHS = (
					"$(inherited)",
					"@executable_path/Frameworks",
					"@loader_path/Frameworks",
				);
				PRODUCT_BUNDLE_IDENTIFIER = "db1.coronavirus-dashboardTests";
				PRODUCT_NAME = "$(TARGET_NAME)";
				SWIFT_VERSION = 5.0;
				TARGETED_DEVICE_FAMILY = "1,2";
				TEST_HOST = "$(BUILT_PRODUCTS_DIR)/coronavirus-dashboard.app/coronavirus-dashboard";
			};
			name = Release;
		};
		FA3D11502697636E0011441C /* Debug */ = {
			isa = XCBuildConfiguration;
			buildSettings = {
				ALWAYS_EMBED_SWIFT_STANDARD_LIBRARIES = YES;
				CODE_SIGN_STYLE = Automatic;
				DEVELOPMENT_TEAM = WEC5NAFZG9;
				INFOPLIST_FILE = "coronavirus-dashboardUITests/Info.plist";
				LD_RUNPATH_SEARCH_PATHS = (
					"$(inherited)",
					"@executable_path/Frameworks",
					"@loader_path/Frameworks",
				);
				PRODUCT_BUNDLE_IDENTIFIER = "db1.coronavirus-dashboardUITests";
				PRODUCT_NAME = "$(TARGET_NAME)";
				SWIFT_VERSION = 5.0;
				TARGETED_DEVICE_FAMILY = "1,2";
				TEST_TARGET_NAME = "coronavirus-dashboard";
			};
			name = Debug;
		};
		FA3D11512697636E0011441C /* Release */ = {
			isa = XCBuildConfiguration;
			buildSettings = {
				ALWAYS_EMBED_SWIFT_STANDARD_LIBRARIES = YES;
				CODE_SIGN_STYLE = Automatic;
				DEVELOPMENT_TEAM = WEC5NAFZG9;
				INFOPLIST_FILE = "coronavirus-dashboardUITests/Info.plist";
				LD_RUNPATH_SEARCH_PATHS = (
					"$(inherited)",
					"@executable_path/Frameworks",
					"@loader_path/Frameworks",
				);
				PRODUCT_BUNDLE_IDENTIFIER = "db1.coronavirus-dashboardUITests";
				PRODUCT_NAME = "$(TARGET_NAME)";
				SWIFT_VERSION = 5.0;
				TARGETED_DEVICE_FAMILY = "1,2";
				TEST_TARGET_NAME = "coronavirus-dashboard";
			};
			name = Release;
		};
/* End XCBuildConfiguration section */

/* Begin XCConfigurationList section */
		FA3D111A2697636B0011441C /* Build configuration list for PBXProject "coronavirus-dashboard" */ = {
			isa = XCConfigurationList;
			buildConfigurations = (
				FA3D11472697636E0011441C /* Debug */,
				FA3D11482697636E0011441C /* Release */,
			);
			defaultConfigurationIsVisible = 0;
			defaultConfigurationName = Release;
		};
		FA3D11492697636E0011441C /* Build configuration list for PBXNativeTarget "coronavirus-dashboard" */ = {
			isa = XCConfigurationList;
			buildConfigurations = (
				FA3D114A2697636E0011441C /* Debug */,
				FA3D114B2697636E0011441C /* Release */,
			);
			defaultConfigurationIsVisible = 0;
			defaultConfigurationName = Release;
		};
		FA3D114C2697636E0011441C /* Build configuration list for PBXNativeTarget "coronavirus-dashboardTests" */ = {
			isa = XCConfigurationList;
			buildConfigurations = (
				FA3D114D2697636E0011441C /* Debug */,
				FA3D114E2697636E0011441C /* Release */,
			);
			defaultConfigurationIsVisible = 0;
			defaultConfigurationName = Release;
		};
		FA3D114F2697636E0011441C /* Build configuration list for PBXNativeTarget "coronavirus-dashboardUITests" */ = {
			isa = XCConfigurationList;
			buildConfigurations = (
				FA3D11502697636E0011441C /* Debug */,
				FA3D11512697636E0011441C /* Release */,
			);
			defaultConfigurationIsVisible = 0;
			defaultConfigurationName = Release;
		};
/* End XCConfigurationList section */
	};
	rootObject = FA3D11172697636B0011441C /* Project object */;
}
